// !$*UTF8*$!
{
	archiveVersion = 1;
	classes = {
	};
	objectVersion = 50;
	objects = {

/* Begin PBXBuildFile section */
		24032A1D236D881500391933 /* QuoteProvider.swift in Sources */ = {isa = PBXBuildFile; fileRef = 24032A1C236D881500391933 /* QuoteProvider.swift */; };
		24032A21236DA09900391933 /* FirstTableViewController.swift in Sources */ = {isa = PBXBuildFile; fileRef = 24032A20236DA09900391933 /* FirstTableViewController.swift */; };
		24032A25236DA33200391933 /* QuoteCell.swift in Sources */ = {isa = PBXBuildFile; fileRef = 24032A24236DA33200391933 /* QuoteCell.swift */; };
		2451B4C52386424A00E44C77 /* QuoteRealSw.swift in Sources */ = {isa = PBXBuildFile; fileRef = 2451B4C42386424A00E44C77 /* QuoteRealSw.swift */; };
		2451B4C7238656C800E44C77 /* QuoteManager.swift in Sources */ = {isa = PBXBuildFile; fileRef = 2451B4C6238656C800E44C77 /* QuoteManager.swift */; };
		2477660E2382720A000DC16B /* Model.xcdatamodeld in Sources */ = {isa = PBXBuildFile; fileRef = 2477660C2382720A000DC16B /* Model.xcdatamodeld */; };
		2477661123858F6F000DC16B /* QuoteFetchManager.swift in Sources */ = {isa = PBXBuildFile; fileRef = 2477661023858F6F000DC16B /* QuoteFetchManager.swift */; };
		24BDF6DC237DD7E20071027B /* Pods_CryptoConverter.framework in Frameworks */ = {isa = PBXBuildFile; fileRef = 24BDF6DB237DD7E20071027B /* Pods_CryptoConverter.framework */; };
		24BDF6DD237DD7E20071027B /* Pods_CryptoConverter.framework in Embed Frameworks */ = {isa = PBXBuildFile; fileRef = 24BDF6DB237DD7E20071027B /* Pods_CryptoConverter.framework */; settings = {ATTRIBUTES = (CodeSignOnCopy, RemoveHeadersOnCopy, ); }; };
		24C5C81D236A0C3900B599D4 /* AppDelegate.swift in Sources */ = {isa = PBXBuildFile; fileRef = 24C5C81C236A0C3900B599D4 /* AppDelegate.swift */; };
		24C5C81F236A0C3A00B599D4 /* SceneDelegate.swift in Sources */ = {isa = PBXBuildFile; fileRef = 24C5C81E236A0C3A00B599D4 /* SceneDelegate.swift */; };
		24C5C824236A0C3A00B599D4 /* Main.storyboard in Resources */ = {isa = PBXBuildFile; fileRef = 24C5C822236A0C3A00B599D4 /* Main.storyboard */; };
		24C5C826236A0C3B00B599D4 /* Assets.xcassets in Resources */ = {isa = PBXBuildFile; fileRef = 24C5C825236A0C3B00B599D4 /* Assets.xcassets */; };
		24C5C829236A0C3B00B599D4 /* LaunchScreen.storyboard in Resources */ = {isa = PBXBuildFile; fileRef = 24C5C827236A0C3B00B599D4 /* LaunchScreen.storyboard */; };
		24C5C831236A0D5500B599D4 /* Quote.swift in Sources */ = {isa = PBXBuildFile; fileRef = 24C5C830236A0D5500B599D4 /* Quote.swift */; };
		24C5C833236AC4A600B599D4 /* Converter.swift in Sources */ = {isa = PBXBuildFile; fileRef = 24C5C832236AC4A600B599D4 /* Converter.swift */; };
		24E11C21236ED5750041CE2B /* DetailViewController.swift in Sources */ = {isa = PBXBuildFile; fileRef = 24E11C20236ED5750041CE2B /* DetailViewController.swift */; };
		24E11C2323769F5F0041CE2B /* ConvertViewController.swift in Sources */ = {isa = PBXBuildFile; fileRef = 24E11C2223769F5F0041CE2B /* ConvertViewController.swift */; };
		24E11C25237744B80041CE2B /* SelectTableViewController.swift in Sources */ = {isa = PBXBuildFile; fileRef = 24E11C24237744B80041CE2B /* SelectTableViewController.swift */; };
		24E11C292377DAF50041CE2B /* SelectTableViewCell.swift in Sources */ = {isa = PBXBuildFile; fileRef = 24E11C282377DAF50041CE2B /* SelectTableViewCell.swift */; };
		65D95D6153017B2B3C6D09D7 /* Pods_CryptoConverter.framework in Frameworks */ = {isa = PBXBuildFile; fileRef = 084E8A23CF07ECAD8D98DC49 /* Pods_CryptoConverter.framework */; };
/* End PBXBuildFile section */

/* Begin PBXCopyFilesBuildPhase section */
		24BDF6DE237DD7E20071027B /* Embed Frameworks */ = {
			isa = PBXCopyFilesBuildPhase;
			buildActionMask = 2147483647;
			dstPath = "";
			dstSubfolderSpec = 10;
			files = (
				24BDF6DD237DD7E20071027B /* Pods_CryptoConverter.framework in Embed Frameworks */,
			);
			name = "Embed Frameworks";
			runOnlyForDeploymentPostprocessing = 0;
		};
/* End PBXCopyFilesBuildPhase section */

/* Begin PBXFileReference section */
		084E8A23CF07ECAD8D98DC49 /* Pods_CryptoConverter.framework */ = {isa = PBXFileReference; explicitFileType = wrapper.framework; includeInIndex = 0; path = Pods_CryptoConverter.framework; sourceTree = BUILT_PRODUCTS_DIR; };
		1699F29ECD18D75FFAE28616 /* Pods-CryptoConverter.release.xcconfig */ = {isa = PBXFileReference; includeInIndex = 1; lastKnownFileType = text.xcconfig; name = "Pods-CryptoConverter.release.xcconfig"; path = "Target Support Files/Pods-CryptoConverter/Pods-CryptoConverter.release.xcconfig"; sourceTree = "<group>"; };
		24032A1C236D881500391933 /* QuoteProvider.swift */ = {isa = PBXFileReference; lastKnownFileType = sourcecode.swift; path = QuoteProvider.swift; sourceTree = "<group>"; };
		24032A20236DA09900391933 /* FirstTableViewController.swift */ = {isa = PBXFileReference; lastKnownFileType = sourcecode.swift; path = FirstTableViewController.swift; sourceTree = "<group>"; };
		24032A24236DA33200391933 /* QuoteCell.swift */ = {isa = PBXFileReference; lastKnownFileType = sourcecode.swift; path = QuoteCell.swift; sourceTree = "<group>"; };
		2451B4C42386424A00E44C77 /* QuoteRealSw.swift */ = {isa = PBXFileReference; lastKnownFileType = sourcecode.swift; path = QuoteRealSw.swift; sourceTree = "<group>"; };
		2451B4C6238656C800E44C77 /* QuoteManager.swift */ = {isa = PBXFileReference; lastKnownFileType = sourcecode.swift; path = QuoteManager.swift; sourceTree = "<group>"; };
		2477660D2382720A000DC16B /* Model.xcdatamodel */ = {isa = PBXFileReference; lastKnownFileType = wrapper.xcdatamodel; path = Model.xcdatamodel; sourceTree = "<group>"; };
		2477661023858F6F000DC16B /* QuoteFetchManager.swift */ = {isa = PBXFileReference; lastKnownFileType = sourcecode.swift; path = QuoteFetchManager.swift; sourceTree = "<group>"; };
		24BDF6DB237DD7E20071027B /* Pods_CryptoConverter.framework */ = {isa = PBXFileReference; explicitFileType = wrapper.framework; path = Pods_CryptoConverter.framework; sourceTree = BUILT_PRODUCTS_DIR; };
		24C5C819236A0C3900B599D4 /* CryptoConverter.app */ = {isa = PBXFileReference; explicitFileType = wrapper.application; includeInIndex = 0; path = CryptoConverter.app; sourceTree = BUILT_PRODUCTS_DIR; };
		24C5C81C236A0C3900B599D4 /* AppDelegate.swift */ = {isa = PBXFileReference; lastKnownFileType = sourcecode.swift; path = AppDelegate.swift; sourceTree = "<group>"; };
		24C5C81E236A0C3A00B599D4 /* SceneDelegate.swift */ = {isa = PBXFileReference; lastKnownFileType = sourcecode.swift; path = SceneDelegate.swift; sourceTree = "<group>"; };
		24C5C823236A0C3A00B599D4 /* Base */ = {isa = PBXFileReference; lastKnownFileType = file.storyboard; name = Base; path = Base.lproj/Main.storyboard; sourceTree = "<group>"; };
		24C5C825236A0C3B00B599D4 /* Assets.xcassets */ = {isa = PBXFileReference; lastKnownFileType = folder.assetcatalog; path = Assets.xcassets; sourceTree = "<group>"; };
		24C5C828236A0C3B00B599D4 /* Base */ = {isa = PBXFileReference; lastKnownFileType = file.storyboard; name = Base; path = Base.lproj/LaunchScreen.storyboard; sourceTree = "<group>"; };
		24C5C82A236A0C3B00B599D4 /* Info.plist */ = {isa = PBXFileReference; lastKnownFileType = text.plist.xml; path = Info.plist; sourceTree = "<group>"; };
		24C5C830236A0D5500B599D4 /* Quote.swift */ = {isa = PBXFileReference; lastKnownFileType = sourcecode.swift; path = Quote.swift; sourceTree = "<group>"; };
		24C5C832236AC4A600B599D4 /* Converter.swift */ = {isa = PBXFileReference; lastKnownFileType = sourcecode.swift; path = Converter.swift; sourceTree = "<group>"; };
		24E11C20236ED5750041CE2B /* DetailViewController.swift */ = {isa = PBXFileReference; lastKnownFileType = sourcecode.swift; path = DetailViewController.swift; sourceTree = "<group>"; };
		24E11C2223769F5F0041CE2B /* ConvertViewController.swift */ = {isa = PBXFileReference; lastKnownFileType = sourcecode.swift; path = ConvertViewController.swift; sourceTree = "<group>"; };
		24E11C24237744B80041CE2B /* SelectTableViewController.swift */ = {isa = PBXFileReference; lastKnownFileType = sourcecode.swift; path = SelectTableViewController.swift; sourceTree = "<group>"; };
		24E11C282377DAF50041CE2B /* SelectTableViewCell.swift */ = {isa = PBXFileReference; lastKnownFileType = sourcecode.swift; path = SelectTableViewCell.swift; sourceTree = "<group>"; };
		9ADB96D16F6EA36B5CAAB7C9 /* Pods-CryptoConverter.debug.xcconfig */ = {isa = PBXFileReference; includeInIndex = 1; lastKnownFileType = text.xcconfig; name = "Pods-CryptoConverter.debug.xcconfig"; path = "Target Support Files/Pods-CryptoConverter/Pods-CryptoConverter.debug.xcconfig"; sourceTree = "<group>"; };
/* End PBXFileReference section */

/* Begin PBXFrameworksBuildPhase section */
		24C5C816236A0C3900B599D4 /* Frameworks */ = {
			isa = PBXFrameworksBuildPhase;
			buildActionMask = 2147483647;
			files = (
				24BDF6DC237DD7E20071027B /* Pods_CryptoConverter.framework in Frameworks */,
				65D95D6153017B2B3C6D09D7 /* Pods_CryptoConverter.framework in Frameworks */,
			);
			runOnlyForDeploymentPostprocessing = 0;
		};
/* End PBXFrameworksBuildPhase section */

/* Begin PBXGroup section */
		24032A19236D7F8200391933 /* Controller */ = {
			isa = PBXGroup;
			children = (
				24032A20236DA09900391933 /* FirstTableViewController.swift */,
				24E11C20236ED5750041CE2B /* DetailViewController.swift */,
				24E11C2223769F5F0041CE2B /* ConvertViewController.swift */,
				24E11C24237744B80041CE2B /* SelectTableViewController.swift */,
			);
			path = Controller;
			sourceTree = "<group>";
		};
		24032A1A236D801900391933 /* View */ = {
			isa = PBXGroup;
			children = (
				24C5C827236A0C3B00B599D4 /* LaunchScreen.storyboard */,
				24C5C822236A0C3A00B599D4 /* Main.storyboard */,
				24032A24236DA33200391933 /* QuoteCell.swift */,
				24E11C282377DAF50041CE2B /* SelectTableViewCell.swift */,
			);
			path = View;
			sourceTree = "<group>";
		};
		24032A1B236D805800391933 /* Model */ = {
			isa = PBXGroup;
			children = (
				24C5C832236AC4A600B599D4 /* Converter.swift */,
				2451B4C42386424A00E44C77 /* QuoteRealSw.swift */,
				24C5C830236A0D5500B599D4 /* Quote.swift */,
				24032A1C236D881500391933 /* QuoteProvider.swift */,
				2477660C2382720A000DC16B /* Model.xcdatamodeld */,
			);
			path = Model;
			sourceTree = "<group>";
		};
		2477660F23858F4C000DC16B /* Service */ = {
			isa = PBXGroup;
			children = (
				2477661023858F6F000DC16B /* QuoteFetchManager.swift */,
				2451B4C6238656C800E44C77 /* QuoteManager.swift */,
			);
			path = Service;
			sourceTree = "<group>";
		};
		24C5C810236A0C3900B599D4 = {
			isa = PBXGroup;
			children = (
				24C5C81B236A0C3900B599D4 /* CryptoConverter */,
				24C5C81A236A0C3900B599D4 /* Products */,
				B73119A1AF434B730CF9F9F9 /* Pods */,
				BF374FE2F5B22201B555B684 /* Frameworks */,
			);
			sourceTree = "<group>";
		};
		24C5C81A236A0C3900B599D4 /* Products */ = {
			isa = PBXGroup;
			children = (
				24C5C819236A0C3900B599D4 /* CryptoConverter.app */,
			);
			name = Products;
			sourceTree = "<group>";
		};
		24C5C81B236A0C3900B599D4 /* CryptoConverter */ = {
			isa = PBXGroup;
			children = (
				2477660F23858F4C000DC16B /* Service */,
				24032A19236D7F8200391933 /* Controller */,
				24032A1B236D805800391933 /* Model */,
				24032A1A236D801900391933 /* View */,
				24C5C825236A0C3B00B599D4 /* Assets.xcassets */,
				24C5C82A236A0C3B00B599D4 /* Info.plist */,
				24C5C81C236A0C3900B599D4 /* AppDelegate.swift */,
				24C5C81E236A0C3A00B599D4 /* SceneDelegate.swift */,
			);
			path = CryptoConverter;
			sourceTree = "<group>";
		};
		B73119A1AF434B730CF9F9F9 /* Pods */ = {
			isa = PBXGroup;
			children = (
				9ADB96D16F6EA36B5CAAB7C9 /* Pods-CryptoConverter.debug.xcconfig */,
				1699F29ECD18D75FFAE28616 /* Pods-CryptoConverter.release.xcconfig */,
			);
			path = Pods;
			sourceTree = "<group>";
		};
		BF374FE2F5B22201B555B684 /* Frameworks */ = {
			isa = PBXGroup;
			children = (
				24BDF6DB237DD7E20071027B /* Pods_CryptoConverter.framework */,
				084E8A23CF07ECAD8D98DC49 /* Pods_CryptoConverter.framework */,
			);
			name = Frameworks;
			sourceTree = "<group>";
		};
/* End PBXGroup section */

/* Begin PBXNativeTarget section */
		24C5C818236A0C3900B599D4 /* CryptoConverter */ = {
			isa = PBXNativeTarget;
			buildConfigurationList = 24C5C82D236A0C3B00B599D4 /* Build configuration list for PBXNativeTarget "CryptoConverter" */;
			buildPhases = (
				F06641491FEF27FAE56DC96C /* [CP] Check Pods Manifest.lock */,
				24C5C815236A0C3900B599D4 /* Sources */,
				24C5C816236A0C3900B599D4 /* Frameworks */,
				24C5C817236A0C3900B599D4 /* Resources */,
				28C2F76BFAD0F0C26AC9BA7B /* [CP] Embed Pods Frameworks */,
				24BDF6DE237DD7E20071027B /* Embed Frameworks */,
			);
			buildRules = (
			);
			dependencies = (
			);
			name = CryptoConverter;
			productName = CryptoConverter;
			productReference = 24C5C819236A0C3900B599D4 /* CryptoConverter.app */;
			productType = "com.apple.product-type.application";
		};
/* End PBXNativeTarget section */

/* Begin PBXProject section */
		24C5C811236A0C3900B599D4 /* Project object */ = {
			isa = PBXProject;
			attributes = {
				LastSwiftUpdateCheck = 1110;
				LastUpgradeCheck = 1110;
				ORGANIZATIONNAME = "Aidar Zhussupov";
				TargetAttributes = {
					24C5C818236A0C3900B599D4 = {
						CreatedOnToolsVersion = 11.1;
					};
				};
			};
			buildConfigurationList = 24C5C814236A0C3900B599D4 /* Build configuration list for PBXProject "CryptoConverter" */;
			compatibilityVersion = "Xcode 9.3";
			developmentRegion = en;
			hasScannedForEncodings = 0;
			knownRegions = (
				en,
				Base,
			);
			mainGroup = 24C5C810236A0C3900B599D4;
			productRefGroup = 24C5C81A236A0C3900B599D4 /* Products */;
			projectDirPath = "";
			projectRoot = "";
			targets = (
				24C5C818236A0C3900B599D4 /* CryptoConverter */,
			);
		};
/* End PBXProject section */

/* Begin PBXResourcesBuildPhase section */
		24C5C817236A0C3900B599D4 /* Resources */ = {
			isa = PBXResourcesBuildPhase;
			buildActionMask = 2147483647;
			files = (
				24C5C829236A0C3B00B599D4 /* LaunchScreen.storyboard in Resources */,
				24C5C826236A0C3B00B599D4 /* Assets.xcassets in Resources */,
				24C5C824236A0C3A00B599D4 /* Main.storyboard in Resources */,
			);
			runOnlyForDeploymentPostprocessing = 0;
		};
/* End PBXResourcesBuildPhase section */

/* Begin PBXShellScriptBuildPhase section */
		28C2F76BFAD0F0C26AC9BA7B /* [CP] Embed Pods Frameworks */ = {
			isa = PBXShellScriptBuildPhase;
			buildActionMask = 2147483647;
			files = (
			);
			inputFileListPaths = (
			);
			inputPaths = (
				"${PODS_ROOT}/Target Support Files/Pods-CryptoConverter/Pods-CryptoConverter-frameworks.sh",
				"${BUILT_PRODUCTS_DIR}/Alamofire/Alamofire.framework",
				"${BUILT_PRODUCTS_DIR}/Realm/Realm.framework",
				"${BUILT_PRODUCTS_DIR}/RealmSwift/RealmSwift.framework",
				"${BUILT_PRODUCTS_DIR}/SwipeCellKit/SwipeCellKit.framework",
			);
			name = "[CP] Embed Pods Frameworks";
			outputFileListPaths = (
			);
			outputPaths = (
				"${TARGET_BUILD_DIR}/${FRAMEWORKS_FOLDER_PATH}/Alamofire.framework",
				"${TARGET_BUILD_DIR}/${FRAMEWORKS_FOLDER_PATH}/Realm.framework",
				"${TARGET_BUILD_DIR}/${FRAMEWORKS_FOLDER_PATH}/RealmSwift.framework",
				"${TARGET_BUILD_DIR}/${FRAMEWORKS_FOLDER_PATH}/SwipeCellKit.framework",
			);
			runOnlyForDeploymentPostprocessing = 0;
			shellPath = /bin/sh;
			shellScript = "\"${PODS_ROOT}/Target Support Files/Pods-CryptoConverter/Pods-CryptoConverter-frameworks.sh\"\n";
			showEnvVarsInLog = 0;
		};
		F06641491FEF27FAE56DC96C /* [CP] Check Pods Manifest.lock */ = {
			isa = PBXShellScriptBuildPhase;
			buildActionMask = 2147483647;
			files = (
			);
			inputFileListPaths = (
			);
			inputPaths = (
				"${PODS_PODFILE_DIR_PATH}/Podfile.lock",
				"${PODS_ROOT}/Manifest.lock",
			);
			name = "[CP] Check Pods Manifest.lock";
			outputFileListPaths = (
			);
			outputPaths = (
				"$(DERIVED_FILE_DIR)/Pods-CryptoConverter-checkManifestLockResult.txt",
			);
			runOnlyForDeploymentPostprocessing = 0;
			shellPath = /bin/sh;
			shellScript = "diff \"${PODS_PODFILE_DIR_PATH}/Podfile.lock\" \"${PODS_ROOT}/Manifest.lock\" > /dev/null\nif [ $? != 0 ] ; then\n    # print error to STDERR\n    echo \"error: The sandbox is not in sync with the Podfile.lock. Run 'pod install' or update your CocoaPods installation.\" >&2\n    exit 1\nfi\n# This output is used by Xcode 'outputs' to avoid re-running this script phase.\necho \"SUCCESS\" > \"${SCRIPT_OUTPUT_FILE_0}\"\n";
			showEnvVarsInLog = 0;
		};
/* End PBXShellScriptBuildPhase section */

/* Begin PBXSourcesBuildPhase section */
		24C5C815236A0C3900B599D4 /* Sources */ = {
			isa = PBXSourcesBuildPhase;
			buildActionMask = 2147483647;
			files = (
				24032A25236DA33200391933 /* QuoteCell.swift in Sources */,
				2477661123858F6F000DC16B /* QuoteFetchManager.swift in Sources */,
				24C5C831236A0D5500B599D4 /* Quote.swift in Sources */,
				24C5C81D236A0C3900B599D4 /* AppDelegate.swift in Sources */,
				24E11C25237744B80041CE2B /* SelectTableViewController.swift in Sources */,
				2451B4C7238656C800E44C77 /* QuoteManager.swift in Sources */,
				24032A1D236D881500391933 /* QuoteProvider.swift in Sources */,
				24C5C81F236A0C3A00B599D4 /* SceneDelegate.swift in Sources */,
				24E11C2323769F5F0041CE2B /* ConvertViewController.swift in Sources */,
				2451B4C52386424A00E44C77 /* QuoteRealSw.swift in Sources */,
				24E11C292377DAF50041CE2B /* SelectTableViewCell.swift in Sources */,
				24C5C833236AC4A600B599D4 /* Converter.swift in Sources */,
				24032A21236DA09900391933 /* FirstTableViewController.swift in Sources */,
				24E11C21236ED5750041CE2B /* DetailViewController.swift in Sources */,
				2477660E2382720A000DC16B /* Model.xcdatamodeld in Sources */,
			);
			runOnlyForDeploymentPostprocessing = 0;
		};
/* End PBXSourcesBuildPhase section */

/* Begin PBXVariantGroup section */
		24C5C822236A0C3A00B599D4 /* Main.storyboard */ = {
			isa = PBXVariantGroup;
			children = (
				24C5C823236A0C3A00B599D4 /* Base */,
			);
			name = Main.storyboard;
			sourceTree = "<group>";
		};
		24C5C827236A0C3B00B599D4 /* LaunchScreen.storyboard */ = {
			isa = PBXVariantGroup;
			children = (
				24C5C828236A0C3B00B599D4 /* Base */,
			);
			name = LaunchScreen.storyboard;
			sourceTree = "<group>";
		};
/* End PBXVariantGroup section */

/* Begin XCBuildConfiguration section */
		24C5C82B236A0C3B00B599D4 /* Debug */ = {
			isa = XCBuildConfiguration;
			buildSettings = {
				ALWAYS_SEARCH_USER_PATHS = NO;
				CLANG_ANALYZER_NONNULL = YES;
				CLANG_ANALYZER_NUMBER_OBJECT_CONVERSION = YES_AGGRESSIVE;
				CLANG_CXX_LANGUAGE_STANDARD = "gnu++14";
				CLANG_CXX_LIBRARY = "libc++";
				CLANG_ENABLE_MODULES = YES;
				CLANG_ENABLE_OBJC_ARC = YES;
				CLANG_ENABLE_OBJC_WEAK = YES;
				CLANG_WARN_BLOCK_CAPTURE_AUTORELEASING = YES;
				CLANG_WARN_BOOL_CONVERSION = YES;
				CLANG_WARN_COMMA = YES;
				CLANG_WARN_CONSTANT_CONVERSION = YES;
				CLANG_WARN_DEPRECATED_OBJC_IMPLEMENTATIONS = YES;
				CLANG_WARN_DIRECT_OBJC_ISA_USAGE = YES_ERROR;
				CLANG_WARN_DOCUMENTATION_COMMENTS = YES;
				CLANG_WARN_EMPTY_BODY = YES;
				CLANG_WARN_ENUM_CONVERSION = YES;
				CLANG_WARN_INFINITE_RECURSION = YES;
				CLANG_WARN_INT_CONVERSION = YES;
				CLANG_WARN_NON_LITERAL_NULL_CONVERSION = YES;
				CLANG_WARN_OBJC_IMPLICIT_RETAIN_SELF = YES;
				CLANG_WARN_OBJC_LITERAL_CONVERSION = YES;
				CLANG_WARN_OBJC_ROOT_CLASS = YES_ERROR;
				CLANG_WARN_RANGE_LOOP_ANALYSIS = YES;
				CLANG_WARN_STRICT_PROTOTYPES = YES;
				CLANG_WARN_SUSPICIOUS_MOVE = YES;
				CLANG_WARN_UNGUARDED_AVAILABILITY = YES_AGGRESSIVE;
				CLANG_WARN_UNREACHABLE_CODE = YES;
				CLANG_WARN__DUPLICATE_METHOD_MATCH = YES;
				COPY_PHASE_STRIP = NO;
				DEBUG_INFORMATION_FORMAT = dwarf;
				ENABLE_STRICT_OBJC_MSGSEND = YES;
				ENABLE_TESTABILITY = YES;
				GCC_C_LANGUAGE_STANDARD = gnu11;
				GCC_DYNAMIC_NO_PIC = NO;
				GCC_NO_COMMON_BLOCKS = YES;
				GCC_OPTIMIZATION_LEVEL = 0;
				GCC_PREPROCESSOR_DEFINITIONS = (
					"DEBUG=1",
					"$(inherited)",
				);
				GCC_WARN_64_TO_32_BIT_CONVERSION = YES;
				GCC_WARN_ABOUT_RETURN_TYPE = YES_ERROR;
				GCC_WARN_UNDECLARED_SELECTOR = YES;
				GCC_WARN_UNINITIALIZED_AUTOS = YES_AGGRESSIVE;
				GCC_WARN_UNUSED_FUNCTION = YES;
				GCC_WARN_UNUSED_VARIABLE = YES;
				IPHONEOS_DEPLOYMENT_TARGET = 13.1;
				MTL_ENABLE_DEBUG_INFO = INCLUDE_SOURCE;
				MTL_FAST_MATH = YES;
				ONLY_ACTIVE_ARCH = YES;
				SDKROOT = iphoneos;
				SWIFT_ACTIVE_COMPILATION_CONDITIONS = DEBUG;
				SWIFT_OPTIMIZATION_LEVEL = "-Onone";
			};
			name = Debug;
		};
		24C5C82C236A0C3B00B599D4 /* Release */ = {
			isa = XCBuildConfiguration;
			buildSettings = {
				ALWAYS_SEARCH_USER_PATHS = NO;
				CLANG_ANALYZER_NONNULL = YES;
				CLANG_ANALYZER_NUMBER_OBJECT_CONVERSION = YES_AGGRESSIVE;
				CLANG_CXX_LANGUAGE_STANDARD = "gnu++14";
				CLANG_CXX_LIBRARY = "libc++";
				CLANG_ENABLE_MODULES = YES;
				CLANG_ENABLE_OBJC_ARC = YES;
				CLANG_ENABLE_OBJC_WEAK = YES;
				CLANG_WARN_BLOCK_CAPTURE_AUTORELEASING = YES;
				CLANG_WARN_BOOL_CONVERSION = YES;
				CLANG_WARN_COMMA = YES;
				CLANG_WARN_CONSTANT_CONVERSION = YES;
				CLANG_WARN_DEPRECATED_OBJC_IMPLEMENTATIONS = YES;
				CLANG_WARN_DIRECT_OBJC_ISA_USAGE = YES_ERROR;
				CLANG_WARN_DOCUMENTATION_COMMENTS = YES;
				CLANG_WARN_EMPTY_BODY = YES;
				CLANG_WARN_ENUM_CONVERSION = YES;
				CLANG_WARN_INFINITE_RECURSION = YES;
				CLANG_WARN_INT_CONVERSION = YES;
				CLANG_WARN_NON_LITERAL_NULL_CONVERSION = YES;
				CLANG_WARN_OBJC_IMPLICIT_RETAIN_SELF = YES;
				CLANG_WARN_OBJC_LITERAL_CONVERSION = YES;
				CLANG_WARN_OBJC_ROOT_CLASS = YES_ERROR;
				CLANG_WARN_RANGE_LOOP_ANALYSIS = YES;
				CLANG_WARN_STRICT_PROTOTYPES = YES;
				CLANG_WARN_SUSPICIOUS_MOVE = YES;
				CLANG_WARN_UNGUARDED_AVAILABILITY = YES_AGGRESSIVE;
				CLANG_WARN_UNREACHABLE_CODE = YES;
				CLANG_WARN__DUPLICATE_METHOD_MATCH = YES;
				COPY_PHASE_STRIP = NO;
				DEBUG_INFORMATION_FORMAT = "dwarf-with-dsym";
				ENABLE_NS_ASSERTIONS = NO;
				ENABLE_STRICT_OBJC_MSGSEND = YES;
				GCC_C_LANGUAGE_STANDARD = gnu11;
				GCC_NO_COMMON_BLOCKS = YES;
				GCC_WARN_64_TO_32_BIT_CONVERSION = YES;
				GCC_WARN_ABOUT_RETURN_TYPE = YES_ERROR;
				GCC_WARN_UNDECLARED_SELECTOR = YES;
				GCC_WARN_UNINITIALIZED_AUTOS = YES_AGGRESSIVE;
				GCC_WARN_UNUSED_FUNCTION = YES;
				GCC_WARN_UNUSED_VARIABLE = YES;
				IPHONEOS_DEPLOYMENT_TARGET = 13.1;
				MTL_ENABLE_DEBUG_INFO = NO;
				MTL_FAST_MATH = YES;
				SDKROOT = iphoneos;
				SWIFT_COMPILATION_MODE = wholemodule;
				SWIFT_OPTIMIZATION_LEVEL = "-O";
				VALIDATE_PRODUCT = YES;
			};
			name = Release;
		};
		24C5C82E236A0C3B00B599D4 /* Debug */ = {
			isa = XCBuildConfiguration;
			baseConfigurationReference = 9ADB96D16F6EA36B5CAAB7C9 /* Pods-CryptoConverter.debug.xcconfig */;
			buildSettings = {
				ASSETCATALOG_COMPILER_APPICON_NAME = AppIcon;
				CODE_SIGN_STYLE = Automatic;
				DEVELOPMENT_TEAM = 6KB5RUBFJK;
				INFOPLIST_FILE = CryptoConverter/Info.plist;
				LD_RUNPATH_SEARCH_PATHS = (
					"$(inherited)",
					"@executable_path/Frameworks",
				);
				PRODUCT_BUNDLE_IDENTIFIER = kaisheng.CryptoConverter;
				PRODUCT_NAME = "$(TARGET_NAME)";
				SWIFT_VERSION = 5.0;
				TARGETED_DEVICE_FAMILY = 1;
			};
			name = Debug;
		};
		24C5C82F236A0C3B00B599D4 /* Release */ = {
			isa = XCBuildConfiguration;
			baseConfigurationReference = 1699F29ECD18D75FFAE28616 /* Pods-CryptoConverter.release.xcconfig */;
			buildSettings = {
				ASSETCATALOG_COMPILER_APPICON_NAME = AppIcon;
				CODE_SIGN_STYLE = Automatic;
				DEVELOPMENT_TEAM = 6KB5RUBFJK;
				INFOPLIST_FILE = CryptoConverter/Info.plist;
				LD_RUNPATH_SEARCH_PATHS = (
					"$(inherited)",
					"@executable_path/Frameworks",
				);
				PRODUCT_BUNDLE_IDENTIFIER = kaisheng.CryptoConverter;
				PRODUCT_NAME = "$(TARGET_NAME)";
				SWIFT_VERSION = 5.0;
				TARGETED_DEVICE_FAMILY = 1;
			};
			name = Release;
		};
/* End XCBuildConfiguration section */

/* Begin XCConfigurationList section */
		24C5C814236A0C3900B599D4 /* Build configuration list for PBXProject "CryptoConverter" */ = {
			isa = XCConfigurationList;
			buildConfigurations = (
				24C5C82B236A0C3B00B599D4 /* Debug */,
				24C5C82C236A0C3B00B599D4 /* Release */,
			);
			defaultConfigurationIsVisible = 0;
			defaultConfigurationName = Release;
		};
		24C5C82D236A0C3B00B599D4 /* Build configuration list for PBXNativeTarget "CryptoConverter" */ = {
			isa = XCConfigurationList;
			buildConfigurations = (
				24C5C82E236A0C3B00B599D4 /* Debug */,
				24C5C82F236A0C3B00B599D4 /* Release */,
			);
			defaultConfigurationIsVisible = 0;
			defaultConfigurationName = Release;
		};
/* End XCConfigurationList section */

/* Begin XCVersionGroup section */
		2477660C2382720A000DC16B /* Model.xcdatamodeld */ = {
			isa = XCVersionGroup;
			children = (
				2477660D2382720A000DC16B /* Model.xcdatamodel */,
			);
			currentVersion = 2477660D2382720A000DC16B /* Model.xcdatamodel */;
			path = Model.xcdatamodeld;
			sourceTree = "<group>";
			versionGroupType = wrapper.xcdatamodel;
		};
/* End XCVersionGroup section */
	};
	rootObject = 24C5C811236A0C3900B599D4 /* Project object */;
}
